
Microsoft Visual Studio Solution File, Format Version 12.00
# Visual Studio Version 17
VisualStudioVersion = 17.3.32922.545
MinimumVisualStudioVersion = 10.0.40219.1
Project("{FAE04EC0-301F-11D3-BF4B-00C04F79EFBC}") = "lab11", "lab11\lab11.csproj", "{997705C5-3DAC-4ED2-93DF-D825536A2269}"
EndProject
Global
	GlobalSection(SolutionConfigurationPlatforms) = preSolution
		Debug|Any CPU = Debug|Any CPU
		Release|Any CPU = Release|Any CPU
	EndGlobalSection
	GlobalSection(ProjectConfigurationPlatforms) = postSolution
		{997705C5-3DAC-4ED2-93DF-D825536A2269}.Debug|Any CPU.ActiveCfg = Debug|Any CPU
		{997705C5-3DAC-4ED2-93DF-D825536A2269}.Debug|Any CPU.Build.0 = Debug|Any CPU
		{997705C5-3DAC-4ED2-93DF-D825536A2269}.Release|Any CPU.ActiveCfg = Release|Any CPU
		{997705C5-3DAC-4ED2-93DF-D825536A2269}.Release|Any CPU.Build.0 = Release|Any CPU
	EndGlobalSection
	GlobalSection(SolutionProperties) = preSolution
		HideSolutionNode = FALSE
	EndGlobalSection
	GlobalSection(ExtensibilityGlobals) = postSolution
		SolutionGuid = {DB1DED90-1ED4-443C-8B7A-AC0A51D7CBA3}
	EndGlobalSection
EndGlobal
