
Microsoft Visual Studio Solution File, Format Version 12.00
# Visual Studio Version 17
VisualStudioVersion = 17.4.33122.133
MinimumVisualStudioVersion = 10.0.40219.1
Project("{FAE04EC0-301F-11D3-BF4B-00C04F79EFBC}") = "lab14", "lab14\lab14.csproj", "{3581711A-0831-4151-B547-1B102D80EE44}"
EndProject
Global
	GlobalSection(SolutionConfigurationPlatforms) = preSolution
		Debug|Any CPU = Debug|Any CPU
		Release|Any CPU = Release|Any CPU
	EndGlobalSection
	GlobalSection(ProjectConfigurationPlatforms) = postSolution
		{3581711A-0831-4151-B547-1B102D80EE44}.Debug|Any CPU.ActiveCfg = Debug|Any CPU
		{3581711A-0831-4151-B547-1B102D80EE44}.Debug|Any CPU.Build.0 = Debug|Any CPU
		{3581711A-0831-4151-B547-1B102D80EE44}.Release|Any CPU.ActiveCfg = Release|Any CPU
		{3581711A-0831-4151-B547-1B102D80EE44}.Release|Any CPU.Build.0 = Release|Any CPU
	EndGlobalSection
	GlobalSection(SolutionProperties) = preSolution
		HideSolutionNode = FALSE
	EndGlobalSection
	GlobalSection(ExtensibilityGlobals) = postSolution
		SolutionGuid = {DC506105-86F5-4547-A1F3-BC159E2C64B3}
	EndGlobalSection
EndGlobal
