
Microsoft Visual Studio Solution File, Format Version 12.00
# Visual Studio Version 17
VisualStudioVersion = 17.3.32922.545
MinimumVisualStudioVersion = 10.0.40219.1
Project("{FAE04EC0-301F-11D3-BF4B-00C04F79EFBC}") = "lab13", "lab13\lab13.csproj", "{3FFA557B-1232-499F-8F99-B6674AFA1D9C}"
EndProject
Global
	GlobalSection(SolutionConfigurationPlatforms) = preSolution
		Debug|Any CPU = Debug|Any CPU
		Release|Any CPU = Release|Any CPU
	EndGlobalSection
	GlobalSection(ProjectConfigurationPlatforms) = postSolution
		{3FFA557B-1232-499F-8F99-B6674AFA1D9C}.Debug|Any CPU.ActiveCfg = Debug|Any CPU
		{3FFA557B-1232-499F-8F99-B6674AFA1D9C}.Debug|Any CPU.Build.0 = Debug|Any CPU
		{3FFA557B-1232-499F-8F99-B6674AFA1D9C}.Release|Any CPU.ActiveCfg = Release|Any CPU
		{3FFA557B-1232-499F-8F99-B6674AFA1D9C}.Release|Any CPU.Build.0 = Release|Any CPU
	EndGlobalSection
	GlobalSection(SolutionProperties) = preSolution
		HideSolutionNode = FALSE
	EndGlobalSection
	GlobalSection(ExtensibilityGlobals) = postSolution
		SolutionGuid = {A264EF02-9CE8-483D-89F7-50CDD6FF5FB9}
	EndGlobalSection
EndGlobal
